<Solution>
  <Project Path="LMS.API/LMS.API.csproj" />
  <Project Path="LMS.Application.UnitTests/LMS.Application.UnitTests.csproj" Id="b576a37b-66ad-46b0-a2e0-2e4e3fa73083" />
  <Project Path="LMS.Application/LMS.Application.csproj" />
  <Project Path="LMS.Domain/LMS.Domain.csproj" />
  <Project Path="LMS.Infrastructure/LMS.Infrastructure.csproj" />
</Solution>
